// !$*UTF8*$!
{
	archiveVersion = 1;
	classes = {
	};
	objectVersion = 51;
	objects = {

/* Begin PBXBuildFile section */
		0B119C5224581DB400259D0E /* RealmObjectBike.swift in Sources */ = {isa = PBXBuildFile; fileRef = 0B119C5124581DB400259D0E /* RealmObjectBike.swift */; };
		0B1BB07A245032340075888A /* UIViewControllerExtensions.swift in Sources */ = {isa = PBXBuildFile; fileRef = 0B1BB079245032340075888A /* UIViewControllerExtensions.swift */; };
		0B1BB082245039060075888A /* BrandCollection.storyboard in Resources */ = {isa = PBXBuildFile; fileRef = 0B1BB081245039060075888A /* BrandCollection.storyboard */; };
		0B1BB085245039A70075888A /* BrandCollectionCell.swift in Sources */ = {isa = PBXBuildFile; fileRef = 0B1BB084245039A70075888A /* BrandCollectionCell.swift */; };
		0B1BB08724503A010075888A /* BrandCollectionCell.xib in Resources */ = {isa = PBXBuildFile; fileRef = 0B1BB08624503A010075888A /* BrandCollectionCell.xib */; };
		0B1BB089245043460075888A /* BrandCollectionViewController.swift in Sources */ = {isa = PBXBuildFile; fileRef = 0B1BB088245043460075888A /* BrandCollectionViewController.swift */; };
		0B1BB08B24504CA20075888A /* UDKeys.swift in Sources */ = {isa = PBXBuildFile; fileRef = 0B1BB08A24504CA20075888A /* UDKeys.swift */; };
		0B1BB08D245053F60075888A /* ProjectViewControllers.swift in Sources */ = {isa = PBXBuildFile; fileRef = 0B1BB08C245053F60075888A /* ProjectViewControllers.swift */; };
		0B1DCD3324030299001DF0AB /* Brand.swift in Sources */ = {isa = PBXBuildFile; fileRef = 0B1DCD3224030299001DF0AB /* Brand.swift */; };
		0B22B1752451734700E06E30 /* BikeListCell.xib in Resources */ = {isa = PBXBuildFile; fileRef = 0B22B1742451734700E06E30 /* BikeListCell.xib */; };
		0B2D0F6A2400422400815D22 /* AppDelegate.swift in Sources */ = {isa = PBXBuildFile; fileRef = 0B2D0F692400422400815D22 /* AppDelegate.swift */; };
		0B2D0F6C2400422400815D22 /* SceneDelegate.swift in Sources */ = {isa = PBXBuildFile; fileRef = 0B2D0F6B2400422400815D22 /* SceneDelegate.swift */; };
		0B2D0F712400422400815D22 /* BrandList.storyboard in Resources */ = {isa = PBXBuildFile; fileRef = 0B2D0F6F2400422400815D22 /* BrandList.storyboard */; };
		0B2D0F732400422500815D22 /* Assets.xcassets in Resources */ = {isa = PBXBuildFile; fileRef = 0B2D0F722400422500815D22 /* Assets.xcassets */; };
		0B2D0F762400422500815D22 /* LaunchScreen.storyboard in Resources */ = {isa = PBXBuildFile; fileRef = 0B2D0F742400422500815D22 /* LaunchScreen.storyboard */; };
		0B31FD742450B1BC00F5114B /* EditorPropertyCell.swift in Sources */ = {isa = PBXBuildFile; fileRef = 0B31FD732450B1BC00F5114B /* EditorPropertyCell.swift */; };
		0B31FD762450B20000F5114B /* EditorPropertyCell.xib in Resources */ = {isa = PBXBuildFile; fileRef = 0B31FD752450B20000F5114B /* EditorPropertyCell.xib */; };
		0B31FD792450B55E00F5114B /* EditorImageCell.swift in Sources */ = {isa = PBXBuildFile; fileRef = 0B31FD782450B55E00F5114B /* EditorImageCell.swift */; };
		0B31FD7B2450B58400F5114B /* EditorImageCell.xib in Resources */ = {isa = PBXBuildFile; fileRef = 0B31FD7A2450B58400F5114B /* EditorImageCell.xib */; };
		0B31FD7D2450BABD00F5114B /* ProjectViews.swift in Sources */ = {isa = PBXBuildFile; fileRef = 0B31FD7C2450BABD00F5114B /* ProjectViews.swift */; };
		0B3549492410E37D00780687 /* BikeViewerViewController.swift in Sources */ = {isa = PBXBuildFile; fileRef = 0B3549482410E37D00780687 /* BikeViewerViewController.swift */; };
		0B35BF6E240137C900D0495D /* BrandListViewController.swift in Sources */ = {isa = PBXBuildFile; fileRef = 0B35BF6D240137C900D0495D /* BrandListViewController.swift */; };
		0B35BF70240139D400D0495D /* BrandListCell.swift in Sources */ = {isa = PBXBuildFile; fileRef = 0B35BF6F240139D400D0495D /* BrandListCell.swift */; };
		0B35BF722401434700D0495D /* BikeListCell.swift in Sources */ = {isa = PBXBuildFile; fileRef = 0B35BF712401434700D0495D /* BikeListCell.swift */; };
		0B35BF742401436600D0495D /* BikeListViewController.swift in Sources */ = {isa = PBXBuildFile; fileRef = 0B35BF732401436600D0495D /* BikeListViewController.swift */; };
		0B3D8C15244F594200273067 /* BrandEditor.storyboard in Resources */ = {isa = PBXBuildFile; fileRef = 0B3D8C14244F594200273067 /* BrandEditor.storyboard */; };
		0B3D8C17244F599A00273067 /* BikeList.storyboard in Resources */ = {isa = PBXBuildFile; fileRef = 0B3D8C16244F599A00273067 /* BikeList.storyboard */; };
		0B3D8C19244F5A0900273067 /* BikeEditor.storyboard in Resources */ = {isa = PBXBuildFile; fileRef = 0B3D8C18244F5A0900273067 /* BikeEditor.storyboard */; };
		0B3D8C1B244F5A4D00273067 /* BikeViewer.storyboard in Resources */ = {isa = PBXBuildFile; fileRef = 0B3D8C1A244F5A4D00273067 /* BikeViewer.storyboard */; };
		0B3D8C1E244F610A00273067 /* BrandListCell.xib in Resources */ = {isa = PBXBuildFile; fileRef = 0B3D8C1D244F610A00273067 /* BrandListCell.xib */; };
		0B490D8F2456CEE1000142D6 /* FMPaths.swift in Sources */ = {isa = PBXBuildFile; fileRef = 0B490D8E2456CEE1000142D6 /* FMPaths.swift */; };
		0B490D912457080D000142D6 /* FileManagerExtensions.swift in Sources */ = {isa = PBXBuildFile; fileRef = 0B490D902457080D000142D6 /* FileManagerExtensions.swift */; };
		0B5CBB68245B240C00EAF7E3 /* EditorGalleryCell.swift in Sources */ = {isa = PBXBuildFile; fileRef = 0B5CBB67245B240C00EAF7E3 /* EditorGalleryCell.swift */; };
		0B5CBB6A245B244700EAF7E3 /* EditorGalleryCell.xib in Resources */ = {isa = PBXBuildFile; fileRef = 0B5CBB69245B244700EAF7E3 /* EditorGalleryCell.xib */; };
		0B5CBB6D245B2B2700EAF7E3 /* GalleryCollectionCell.swift in Sources */ = {isa = PBXBuildFile; fileRef = 0B5CBB6C245B2B2700EAF7E3 /* GalleryCollectionCell.swift */; };
		0B5CBB6F245B2B8100EAF7E3 /* GalleryCollectionCell.xib in Resources */ = {isa = PBXBuildFile; fileRef = 0B5CBB6E245B2B8100EAF7E3 /* GalleryCollectionCell.xib */; };
		0B6BDD662407AFAB009D28D3 /* BikeEditorViewController.swift in Sources */ = {isa = PBXBuildFile; fileRef = 0B6BDD652407AFAB009D28D3 /* BikeEditorViewController.swift */; };
		0B8FC0F82403000F00C98C07 /* Bike.swift in Sources */ = {isa = PBXBuildFile; fileRef = 0B8FC0F72403000F00C98C07 /* Bike.swift */; };
		0BA3D87F240CEF8B0095B469 /* BrandEditorViewController.swift in Sources */ = {isa = PBXBuildFile; fileRef = 0BA3D87E240CEF8B0095B469 /* BrandEditorViewController.swift */; };
		0BA616A62458353900758344 /* BikeManager.swift in Sources */ = {isa = PBXBuildFile; fileRef = 0BA616A52458353900758344 /* BikeManager.swift */; };
		0BC0B34F2459892700029F57 /* UITableViewControllerExtensions.swift in Sources */ = {isa = PBXBuildFile; fileRef = 0BC0B34E2459892700029F57 /* UITableViewControllerExtensions.swift */; };
		0BE44F6F2451892800CB085C /* BrandManager.swift in Sources */ = {isa = PBXBuildFile; fileRef = 0BE44F6E2451892800CB085C /* BrandManager.swift */; };
		0BE44F712451BF0E00CB085C /* RealmObjectBrand.swift in Sources */ = {isa = PBXBuildFile; fileRef = 0BE44F702451BF0E00CB085C /* RealmObjectBrand.swift */; };
		0BE44F762451F5EA00CB085C /* RealmManager.swift in Sources */ = {isa = PBXBuildFile; fileRef = 0BE44F752451F5EA00CB085C /* RealmManager.swift */; };
		0BE44F782452E9BF00CB085C /* DBActions.swift in Sources */ = {isa = PBXBuildFile; fileRef = 0BE44F772452E9BF00CB085C /* DBActions.swift */; };
		50D7EC20255502A9B7991E58 /* Pods_MotoWiki.framework in Frameworks */ = {isa = PBXBuildFile; fileRef = 90A5761093767AE8E0E49836 /* Pods_MotoWiki.framework */; };
/* End PBXBuildFile section */

/* Begin PBXFileReference section */
		0B119C5124581DB400259D0E /* RealmObjectBike.swift */ = {isa = PBXFileReference; lastKnownFileType = sourcecode.swift; path = RealmObjectBike.swift; sourceTree = "<group>"; };
		0B1BB079245032340075888A /* UIViewControllerExtensions.swift */ = {isa = PBXFileReference; lastKnownFileType = sourcecode.swift; path = UIViewControllerExtensions.swift; sourceTree = "<group>"; };
		0B1BB081245039060075888A /* BrandCollection.storyboard */ = {isa = PBXFileReference; lastKnownFileType = file.storyboard; path = BrandCollection.storyboard; sourceTree = "<group>"; };
		0B1BB084245039A70075888A /* BrandCollectionCell.swift */ = {isa = PBXFileReference; lastKnownFileType = sourcecode.swift; path = BrandCollectionCell.swift; sourceTree = "<group>"; };
		0B1BB08624503A010075888A /* BrandCollectionCell.xib */ = {isa = PBXFileReference; lastKnownFileType = file.xib; path = BrandCollectionCell.xib; sourceTree = "<group>"; };
		0B1BB088245043460075888A /* BrandCollectionViewController.swift */ = {isa = PBXFileReference; lastKnownFileType = sourcecode.swift; path = BrandCollectionViewController.swift; sourceTree = "<group>"; };
		0B1BB08A24504CA20075888A /* UDKeys.swift */ = {isa = PBXFileReference; lastKnownFileType = sourcecode.swift; path = UDKeys.swift; sourceTree = "<group>"; };
		0B1BB08C245053F60075888A /* ProjectViewControllers.swift */ = {isa = PBXFileReference; lastKnownFileType = sourcecode.swift; path = ProjectViewControllers.swift; sourceTree = "<group>"; };
		0B1DCD3224030299001DF0AB /* Brand.swift */ = {isa = PBXFileReference; lastKnownFileType = sourcecode.swift; path = Brand.swift; sourceTree = "<group>"; };
		0B22B1742451734700E06E30 /* BikeListCell.xib */ = {isa = PBXFileReference; lastKnownFileType = file.xib; path = BikeListCell.xib; sourceTree = "<group>"; };
		0B2D0F662400422400815D22 /* MotoWiki.app */ = {isa = PBXFileReference; explicitFileType = wrapper.application; includeInIndex = 0; path = MotoWiki.app; sourceTree = BUILT_PRODUCTS_DIR; };
		0B2D0F692400422400815D22 /* AppDelegate.swift */ = {isa = PBXFileReference; lastKnownFileType = sourcecode.swift; path = AppDelegate.swift; sourceTree = "<group>"; };
		0B2D0F6B2400422400815D22 /* SceneDelegate.swift */ = {isa = PBXFileReference; lastKnownFileType = sourcecode.swift; path = SceneDelegate.swift; sourceTree = "<group>"; };
		0B2D0F702400422400815D22 /* Base */ = {isa = PBXFileReference; lastKnownFileType = file.storyboard; name = Base; path = Base.lproj/BrandList.storyboard; sourceTree = "<group>"; };
		0B2D0F722400422500815D22 /* Assets.xcassets */ = {isa = PBXFileReference; lastKnownFileType = folder.assetcatalog; path = Assets.xcassets; sourceTree = "<group>"; };
		0B2D0F752400422500815D22 /* Base */ = {isa = PBXFileReference; lastKnownFileType = file.storyboard; name = Base; path = Base.lproj/LaunchScreen.storyboard; sourceTree = "<group>"; };
		0B2D0F772400422500815D22 /* Info.plist */ = {isa = PBXFileReference; lastKnownFileType = text.plist.xml; path = Info.plist; sourceTree = "<group>"; };
		0B31FD732450B1BC00F5114B /* EditorPropertyCell.swift */ = {isa = PBXFileReference; lastKnownFileType = sourcecode.swift; path = EditorPropertyCell.swift; sourceTree = "<group>"; };
		0B31FD752450B20000F5114B /* EditorPropertyCell.xib */ = {isa = PBXFileReference; lastKnownFileType = file.xib; path = EditorPropertyCell.xib; sourceTree = "<group>"; };
		0B31FD782450B55E00F5114B /* EditorImageCell.swift */ = {isa = PBXFileReference; lastKnownFileType = sourcecode.swift; path = EditorImageCell.swift; sourceTree = "<group>"; };
		0B31FD7A2450B58400F5114B /* EditorImageCell.xib */ = {isa = PBXFileReference; lastKnownFileType = file.xib; path = EditorImageCell.xib; sourceTree = "<group>"; };
		0B31FD7C2450BABD00F5114B /* ProjectViews.swift */ = {isa = PBXFileReference; lastKnownFileType = sourcecode.swift; path = ProjectViews.swift; sourceTree = "<group>"; };
		0B3549482410E37D00780687 /* BikeViewerViewController.swift */ = {isa = PBXFileReference; lastKnownFileType = sourcecode.swift; path = BikeViewerViewController.swift; sourceTree = "<group>"; };
		0B35BF6D240137C900D0495D /* BrandListViewController.swift */ = {isa = PBXFileReference; lastKnownFileType = sourcecode.swift; path = BrandListViewController.swift; sourceTree = "<group>"; };
		0B35BF6F240139D400D0495D /* BrandListCell.swift */ = {isa = PBXFileReference; lastKnownFileType = sourcecode.swift; path = BrandListCell.swift; sourceTree = "<group>"; };
		0B35BF712401434700D0495D /* BikeListCell.swift */ = {isa = PBXFileReference; lastKnownFileType = sourcecode.swift; path = BikeListCell.swift; sourceTree = "<group>"; };
		0B35BF732401436600D0495D /* BikeListViewController.swift */ = {isa = PBXFileReference; lastKnownFileType = sourcecode.swift; path = BikeListViewController.swift; sourceTree = "<group>"; };
		0B3D8C14244F594200273067 /* BrandEditor.storyboard */ = {isa = PBXFileReference; lastKnownFileType = file.storyboard; path = BrandEditor.storyboard; sourceTree = "<group>"; };
		0B3D8C16244F599A00273067 /* BikeList.storyboard */ = {isa = PBXFileReference; lastKnownFileType = file.storyboard; path = BikeList.storyboard; sourceTree = "<group>"; };
		0B3D8C18244F5A0900273067 /* BikeEditor.storyboard */ = {isa = PBXFileReference; lastKnownFileType = file.storyboard; path = BikeEditor.storyboard; sourceTree = "<group>"; };
		0B3D8C1A244F5A4D00273067 /* BikeViewer.storyboard */ = {isa = PBXFileReference; lastKnownFileType = file.storyboard; path = BikeViewer.storyboard; sourceTree = "<group>"; };
		0B3D8C1D244F610A00273067 /* BrandListCell.xib */ = {isa = PBXFileReference; lastKnownFileType = file.xib; path = BrandListCell.xib; sourceTree = "<group>"; };
		0B490D8E2456CEE1000142D6 /* FMPaths.swift */ = {isa = PBXFileReference; lastKnownFileType = sourcecode.swift; path = FMPaths.swift; sourceTree = "<group>"; };
		0B490D902457080D000142D6 /* FileManagerExtensions.swift */ = {isa = PBXFileReference; lastKnownFileType = sourcecode.swift; path = FileManagerExtensions.swift; sourceTree = "<group>"; };
		0B5CBB67245B240C00EAF7E3 /* EditorGalleryCell.swift */ = {isa = PBXFileReference; lastKnownFileType = sourcecode.swift; path = EditorGalleryCell.swift; sourceTree = "<group>"; };
		0B5CBB69245B244700EAF7E3 /* EditorGalleryCell.xib */ = {isa = PBXFileReference; lastKnownFileType = file.xib; path = EditorGalleryCell.xib; sourceTree = "<group>"; };
		0B5CBB6C245B2B2700EAF7E3 /* GalleryCollectionCell.swift */ = {isa = PBXFileReference; lastKnownFileType = sourcecode.swift; path = GalleryCollectionCell.swift; sourceTree = "<group>"; };
		0B5CBB6E245B2B8100EAF7E3 /* GalleryCollectionCell.xib */ = {isa = PBXFileReference; lastKnownFileType = file.xib; path = GalleryCollectionCell.xib; sourceTree = "<group>"; };
		0B6BDD652407AFAB009D28D3 /* BikeEditorViewController.swift */ = {isa = PBXFileReference; lastKnownFileType = sourcecode.swift; path = BikeEditorViewController.swift; sourceTree = "<group>"; };
		0B8FC0F72403000F00C98C07 /* Bike.swift */ = {isa = PBXFileReference; lastKnownFileType = sourcecode.swift; path = Bike.swift; sourceTree = "<group>"; };
		0BA3D87E240CEF8B0095B469 /* BrandEditorViewController.swift */ = {isa = PBXFileReference; lastKnownFileType = sourcecode.swift; path = BrandEditorViewController.swift; sourceTree = "<group>"; };
		0BA616A52458353900758344 /* BikeManager.swift */ = {isa = PBXFileReference; lastKnownFileType = sourcecode.swift; path = BikeManager.swift; sourceTree = "<group>"; };
		0BC0B34E2459892700029F57 /* UITableViewControllerExtensions.swift */ = {isa = PBXFileReference; lastKnownFileType = sourcecode.swift; path = UITableViewControllerExtensions.swift; sourceTree = "<group>"; };
		0BE44F6E2451892800CB085C /* BrandManager.swift */ = {isa = PBXFileReference; lastKnownFileType = sourcecode.swift; path = BrandManager.swift; sourceTree = "<group>"; };
		0BE44F702451BF0E00CB085C /* RealmObjectBrand.swift */ = {isa = PBXFileReference; lastKnownFileType = sourcecode.swift; path = RealmObjectBrand.swift; sourceTree = "<group>"; };
		0BE44F752451F5EA00CB085C /* RealmManager.swift */ = {isa = PBXFileReference; lastKnownFileType = sourcecode.swift; path = RealmManager.swift; sourceTree = "<group>"; };
		0BE44F772452E9BF00CB085C /* DBActions.swift */ = {isa = PBXFileReference; lastKnownFileType = sourcecode.swift; path = DBActions.swift; sourceTree = "<group>"; };
		68244DB6E1733E6FA0DF7C70 /* Pods-MotoWiki.debug.xcconfig */ = {isa = PBXFileReference; includeInIndex = 1; lastKnownFileType = text.xcconfig; name = "Pods-MotoWiki.debug.xcconfig"; path = "Target Support Files/Pods-MotoWiki/Pods-MotoWiki.debug.xcconfig"; sourceTree = "<group>"; };
		6E6EA4D2B2DA72CEA2D61183 /* Pods-MotoWiki.release.xcconfig */ = {isa = PBXFileReference; includeInIndex = 1; lastKnownFileType = text.xcconfig; name = "Pods-MotoWiki.release.xcconfig"; path = "Target Support Files/Pods-MotoWiki/Pods-MotoWiki.release.xcconfig"; sourceTree = "<group>"; };
		90A5761093767AE8E0E49836 /* Pods_MotoWiki.framework */ = {isa = PBXFileReference; explicitFileType = wrapper.framework; includeInIndex = 0; path = Pods_MotoWiki.framework; sourceTree = BUILT_PRODUCTS_DIR; };
/* End PBXFileReference section */

/* Begin PBXFrameworksBuildPhase section */
		0B2D0F632400422400815D22 /* Frameworks */ = {
			isa = PBXFrameworksBuildPhase;
			buildActionMask = 2147483647;
			files = (
				50D7EC20255502A9B7991E58 /* Pods_MotoWiki.framework in Frameworks */,
			);
			runOnlyForDeploymentPostprocessing = 0;
		};
/* End PBXFrameworksBuildPhase section */

/* Begin PBXGroup section */
		05A093121D9A48C39E4E23E0 /* Pods */ = {
			isa = PBXGroup;
			children = (
				68244DB6E1733E6FA0DF7C70 /* Pods-MotoWiki.debug.xcconfig */,
				6E6EA4D2B2DA72CEA2D61183 /* Pods-MotoWiki.release.xcconfig */,
			);
			path = Pods;
			sourceTree = "<group>";
		};
		0B161EA024066EB60074105E /* BrandList */ = {
			isa = PBXGroup;
			children = (
				0B7D2714240CE6EE0021F1E9 /* Model */,
				0B7D2715240CE6F60021F1E9 /* View */,
				0B7D2716240CE71D0021F1E9 /* Controller */,
			);
			path = BrandList;
			sourceTree = "<group>";
		};
		0B161EA1240687C10074105E /* BikeList */ = {
			isa = PBXGroup;
			children = (
				0B51F72D240FCC1C004D434A /* Model */,
				0B51F72C240FCC15004D434A /* View */,
				0B51F72B240FCC0D004D434A /* Controller */,
			);
			path = BikeList;
			sourceTree = "<group>";
		};
		0B161EA3240688310074105E /* BikeEditor */ = {
			isa = PBXGroup;
			children = (
				0B51F72F240FE0D5004D434A /* View */,
				0B51F72E240FE0CD004D434A /* Controller */,
			);
			path = BikeEditor;
			sourceTree = "<group>";
		};
		0B1BB0782450320D0075888A /* Extensions */ = {
			isa = PBXGroup;
			children = (
				0B1BB079245032340075888A /* UIViewControllerExtensions.swift */,
				0BC0B34E2459892700029F57 /* UITableViewControllerExtensions.swift */,
				0B490D902457080D000142D6 /* FileManagerExtensions.swift */,
			);
			path = Extensions;
			sourceTree = "<group>";
		};
		0B1BB07C2450382E0075888A /* BrandCollection */ = {
			isa = PBXGroup;
			children = (
				0B1BB07E245038520075888A /* View */,
				0B1BB07D245038470075888A /* Controller */,
			);
			path = BrandCollection;
			sourceTree = "<group>";
		};
		0B1BB07D245038470075888A /* Controller */ = {
			isa = PBXGroup;
			children = (
				0B1BB088245043460075888A /* BrandCollectionViewController.swift */,
			);
			path = Controller;
			sourceTree = "<group>";
		};
		0B1BB07E245038520075888A /* View */ = {
			isa = PBXGroup;
			children = (
				0B1BB081245039060075888A /* BrandCollection.storyboard */,
				0B1BB083245039690075888A /* BrandCollectionCell */,
			);
			path = View;
			sourceTree = "<group>";
		};
		0B1BB083245039690075888A /* BrandCollectionCell */ = {
			isa = PBXGroup;
			children = (
				0B1BB084245039A70075888A /* BrandCollectionCell.swift */,
				0B1BB08624503A010075888A /* BrandCollectionCell.xib */,
			);
			path = BrandCollectionCell;
			sourceTree = "<group>";
		};
		0B22B1732451733100E06E30 /* BikeListCell */ = {
			isa = PBXGroup;
			children = (
				0B35BF712401434700D0495D /* BikeListCell.swift */,
				0B22B1742451734700E06E30 /* BikeListCell.xib */,
			);
			path = BikeListCell;
			sourceTree = "<group>";
		};
		0B2D0F5D2400422400815D22 = {
			isa = PBXGroup;
			children = (
				0B2D0F682400422400815D22 /* MotoWiki */,
				0B2D0F672400422400815D22 /* Products */,
				05A093121D9A48C39E4E23E0 /* Pods */,
				D9E6F27C5F302568A690142F /* Frameworks */,
			);
			sourceTree = "<group>";
		};
		0B2D0F672400422400815D22 /* Products */ = {
			isa = PBXGroup;
			children = (
				0B2D0F662400422400815D22 /* MotoWiki.app */,
			);
			name = Products;
			sourceTree = "<group>";
		};
		0B2D0F682400422400815D22 /* MotoWiki */ = {
			isa = PBXGroup;
			children = (
				0BE44F722451BFBE00CB085C /* Realm */,
				0B31FD7E2450BD3B00F5114B /* Enums */,
				0B1BB0782450320D0075888A /* Extensions */,
				0B490D8D2456BD2D000142D6 /* Protocols */,
				0BCC53D3244F47ED007D162E /* Supporting Files */,
				0B161EA024066EB60074105E /* BrandList */,
				0B1BB07C2450382E0075888A /* BrandCollection */,
				0BA3D880240CEF960095B469 /* BrandEditor */,
				0B161EA1240687C10074105E /* BikeList */,
				0B161EA3240688310074105E /* BikeEditor */,
				0B51F732240FE310004D434A /* BikeViewer */,
				0B9E34D4245C16E900A328CC /* EditorViews */,
			);
			path = MotoWiki;
			sourceTree = "<group>";
		};
		0B31FD722450B18900F5114B /* EditorPropertyCell */ = {
			isa = PBXGroup;
			children = (
				0B31FD732450B1BC00F5114B /* EditorPropertyCell.swift */,
				0B31FD752450B20000F5114B /* EditorPropertyCell.xib */,
			);
			path = EditorPropertyCell;
			sourceTree = "<group>";
		};
		0B31FD772450B4B800F5114B /* EditorImageCell */ = {
			isa = PBXGroup;
			children = (
				0B31FD782450B55E00F5114B /* EditorImageCell.swift */,
				0B31FD7A2450B58400F5114B /* EditorImageCell.xib */,
			);
			path = EditorImageCell;
			sourceTree = "<group>";
		};
		0B31FD7E2450BD3B00F5114B /* Enums */ = {
			isa = PBXGroup;
			children = (
				0B1BB08C245053F60075888A /* ProjectViewControllers.swift */,
				0B31FD7C2450BABD00F5114B /* ProjectViews.swift */,
				0BE44F772452E9BF00CB085C /* DBActions.swift */,
				0B490D8E2456CEE1000142D6 /* FMPaths.swift */,
				0B1BB08A24504CA20075888A /* UDKeys.swift */,
			);
			path = Enums;
			sourceTree = "<group>";
		};
		0B3D8C1C244F60DA00273067 /* BrandListCell */ = {
			isa = PBXGroup;
			children = (
				0B35BF6F240139D400D0495D /* BrandListCell.swift */,
				0B3D8C1D244F610A00273067 /* BrandListCell.xib */,
			);
			path = BrandListCell;
			sourceTree = "<group>";
		};
		0B490D8D2456BD2D000142D6 /* Protocols */ = {
			isa = PBXGroup;
			children = (
			);
			path = Protocols;
			sourceTree = "<group>";
		};
		0B51F72B240FCC0D004D434A /* Controller */ = {
			isa = PBXGroup;
			children = (
				0B35BF732401436600D0495D /* BikeListViewController.swift */,
			);
			path = Controller;
			sourceTree = "<group>";
		};
		0B51F72C240FCC15004D434A /* View */ = {
			isa = PBXGroup;
			children = (
				0B3D8C16244F599A00273067 /* BikeList.storyboard */,
				0B22B1732451733100E06E30 /* BikeListCell */,
			);
			path = View;
			sourceTree = "<group>";
		};
		0B51F72D240FCC1C004D434A /* Model */ = {
			isa = PBXGroup;
			children = (
				0B8FC0F72403000F00C98C07 /* Bike.swift */,
				0BA616A52458353900758344 /* BikeManager.swift */,
			);
			path = Model;
			sourceTree = "<group>";
		};
		0B51F72E240FE0CD004D434A /* Controller */ = {
			isa = PBXGroup;
			children = (
				0B6BDD652407AFAB009D28D3 /* BikeEditorViewController.swift */,
			);
			path = Controller;
			sourceTree = "<group>";
		};
		0B51F72F240FE0D5004D434A /* View */ = {
			isa = PBXGroup;
			children = (
				0B3D8C18244F5A0900273067 /* BikeEditor.storyboard */,
			);
			path = View;
			sourceTree = "<group>";
		};
		0B51F732240FE310004D434A /* BikeViewer */ = {
			isa = PBXGroup;
			children = (
				0B51F734240FE415004D434A /* View */,
				0B51F733240FE40F004D434A /* Controller */,
			);
			path = BikeViewer;
			sourceTree = "<group>";
		};
		0B51F733240FE40F004D434A /* Controller */ = {
			isa = PBXGroup;
			children = (
				0B3549482410E37D00780687 /* BikeViewerViewController.swift */,
			);
			path = Controller;
			sourceTree = "<group>";
		};
		0B51F734240FE415004D434A /* View */ = {
			isa = PBXGroup;
			children = (
				0B3D8C1A244F5A4D00273067 /* BikeViewer.storyboard */,
			);
			path = View;
			sourceTree = "<group>";
		};
		0B5CBB66245B233300EAF7E3 /* EditorGalleryCell */ = {
			isa = PBXGroup;
			children = (
				0B5CBB67245B240C00EAF7E3 /* EditorGalleryCell.swift */,
				0B5CBB69245B244700EAF7E3 /* EditorGalleryCell.xib */,
				0B5CBB6B245B297200EAF7E3 /* GalleryCollectionCell */,
			);
			path = EditorGalleryCell;
			sourceTree = "<group>";
		};
		0B5CBB6B245B297200EAF7E3 /* GalleryCollectionCell */ = {
			isa = PBXGroup;
			children = (
				0B5CBB6C245B2B2700EAF7E3 /* GalleryCollectionCell.swift */,
				0B5CBB6E245B2B8100EAF7E3 /* GalleryCollectionCell.xib */,
			);
			path = GalleryCollectionCell;
			sourceTree = "<group>";
		};
		0B7D2714240CE6EE0021F1E9 /* Model */ = {
			isa = PBXGroup;
			children = (
				0B1DCD3224030299001DF0AB /* Brand.swift */,
				0BE44F6E2451892800CB085C /* BrandManager.swift */,
			);
			path = Model;
			sourceTree = "<group>";
		};
		0B7D2715240CE6F60021F1E9 /* View */ = {
			isa = PBXGroup;
			children = (
				0B2D0F6F2400422400815D22 /* BrandList.storyboard */,
				0B3D8C1C244F60DA00273067 /* BrandListCell */,
			);
			path = View;
			sourceTree = "<group>";
		};
		0B7D2716240CE71D0021F1E9 /* Controller */ = {
			isa = PBXGroup;
			children = (
				0B35BF6D240137C900D0495D /* BrandListViewController.swift */,
			);
			path = Controller;
			sourceTree = "<group>";
		};
		0B9E34D4245C16E900A328CC /* EditorViews */ = {
			isa = PBXGroup;
			children = (
				0B31FD722450B18900F5114B /* EditorPropertyCell */,
				0B31FD772450B4B800F5114B /* EditorImageCell */,
				0B5CBB66245B233300EAF7E3 /* EditorGalleryCell */,
			);
			path = EditorViews;
			sourceTree = "<group>";
		};
		0BA3D880240CEF960095B469 /* BrandEditor */ = {
			isa = PBXGroup;
			children = (
				0BA3D882240CEFB90095B469 /* View */,
				0BA3D883240CEFBF0095B469 /* Controller */,
			);
			path = BrandEditor;
			sourceTree = "<group>";
		};
		0BA3D882240CEFB90095B469 /* View */ = {
			isa = PBXGroup;
			children = (
				0B3D8C14244F594200273067 /* BrandEditor.storyboard */,
			);
			path = View;
			sourceTree = "<group>";
		};
		0BA3D883240CEFBF0095B469 /* Controller */ = {
			isa = PBXGroup;
			children = (
				0BA3D87E240CEF8B0095B469 /* BrandEditorViewController.swift */,
			);
			path = Controller;
			sourceTree = "<group>";
		};
		0BCC53D3244F47ED007D162E /* Supporting Files */ = {
			isa = PBXGroup;
			children = (
				0B2D0F692400422400815D22 /* AppDelegate.swift */,
				0B2D0F6B2400422400815D22 /* SceneDelegate.swift */,
				0B2D0F742400422500815D22 /* LaunchScreen.storyboard */,
				0B2D0F722400422500815D22 /* Assets.xcassets */,
				0B2D0F772400422500815D22 /* Info.plist */,
			);
			path = "Supporting Files";
			sourceTree = "<group>";
		};
		0BE44F722451BFBE00CB085C /* Realm */ = {
			isa = PBXGroup;
			children = (
				0BE44F702451BF0E00CB085C /* RealmObjectBrand.swift */,
				0B119C5124581DB400259D0E /* RealmObjectBike.swift */,
				0BE44F752451F5EA00CB085C /* RealmManager.swift */,
			);
			path = Realm;
			sourceTree = "<group>";
		};
		D9E6F27C5F302568A690142F /* Frameworks */ = {
			isa = PBXGroup;
			children = (
				90A5761093767AE8E0E49836 /* Pods_MotoWiki.framework */,
			);
			name = Frameworks;
			sourceTree = "<group>";
		};
/* End PBXGroup section */

/* Begin PBXNativeTarget section */
		0B2D0F652400422400815D22 /* MotoWiki */ = {
			isa = PBXNativeTarget;
			buildConfigurationList = 0B2D0F7A2400422500815D22 /* Build configuration list for PBXNativeTarget "MotoWiki" */;
			buildPhases = (
				0742090B027A375A8CBC3FBD /* [CP] Check Pods Manifest.lock */,
				0B2D0F622400422400815D22 /* Sources */,
				0B2D0F632400422400815D22 /* Frameworks */,
				0B2D0F642400422400815D22 /* Resources */,
				B3E164E3885272812814751E /* [CP] Embed Pods Frameworks */,
			);
			buildRules = (
			);
			dependencies = (
			);
			name = MotoWiki;
			productName = MotoWiki;
			productReference = 0B2D0F662400422400815D22 /* MotoWiki.app */;
			productType = "com.apple.product-type.application";
		};
/* End PBXNativeTarget section */

/* Begin PBXProject section */
		0B2D0F5E2400422400815D22 /* Project object */ = {
			isa = PBXProject;
			attributes = {
				LastSwiftUpdateCheck = 1130;
				LastUpgradeCheck = 1130;
				ORGANIZATIONNAME = "Eugene Kireichev";
				TargetAttributes = {
					0B2D0F652400422400815D22 = {
						CreatedOnToolsVersion = 11.3.1;
					};
				};
			};
			buildConfigurationList = 0B2D0F612400422400815D22 /* Build configuration list for PBXProject "MotoWiki" */;
			compatibilityVersion = "Xcode 9.3";
			developmentRegion = en;
			hasScannedForEncodings = 0;
			knownRegions = (
				en,
				Base,
			);
			mainGroup = 0B2D0F5D2400422400815D22;
			productRefGroup = 0B2D0F672400422400815D22 /* Products */;
			projectDirPath = "";
			projectRoot = "";
			targets = (
				0B2D0F652400422400815D22 /* MotoWiki */,
			);
		};
/* End PBXProject section */

/* Begin PBXResourcesBuildPhase section */
		0B2D0F642400422400815D22 /* Resources */ = {
			isa = PBXResourcesBuildPhase;
			buildActionMask = 2147483647;
			files = (
				0B3D8C1B244F5A4D00273067 /* BikeViewer.storyboard in Resources */,
				0B3D8C19244F5A0900273067 /* BikeEditor.storyboard in Resources */,
				0B3D8C17244F599A00273067 /* BikeList.storyboard in Resources */,
				0B5CBB6F245B2B8100EAF7E3 /* GalleryCollectionCell.xib in Resources */,
				0B1BB08724503A010075888A /* BrandCollectionCell.xib in Resources */,
				0B22B1752451734700E06E30 /* BikeListCell.xib in Resources */,
				0B2D0F762400422500815D22 /* LaunchScreen.storyboard in Resources */,
				0B3D8C1E244F610A00273067 /* BrandListCell.xib in Resources */,
				0B2D0F732400422500815D22 /* Assets.xcassets in Resources */,
				0B2D0F712400422400815D22 /* BrandList.storyboard in Resources */,
				0B3D8C15244F594200273067 /* BrandEditor.storyboard in Resources */,
				0B31FD7B2450B58400F5114B /* EditorImageCell.xib in Resources */,
				0B31FD762450B20000F5114B /* EditorPropertyCell.xib in Resources */,
				0B5CBB6A245B244700EAF7E3 /* EditorGalleryCell.xib in Resources */,
				0B1BB082245039060075888A /* BrandCollection.storyboard in Resources */,
			);
			runOnlyForDeploymentPostprocessing = 0;
		};
/* End PBXResourcesBuildPhase section */

/* Begin PBXShellScriptBuildPhase section */
		0742090B027A375A8CBC3FBD /* [CP] Check Pods Manifest.lock */ = {
			isa = PBXShellScriptBuildPhase;
			buildActionMask = 2147483647;
			files = (
			);
			inputFileListPaths = (
			);
			inputPaths = (
				"${PODS_PODFILE_DIR_PATH}/Podfile.lock",
				"${PODS_ROOT}/Manifest.lock",
			);
			name = "[CP] Check Pods Manifest.lock";
			outputFileListPaths = (
			);
			outputPaths = (
				"$(DERIVED_FILE_DIR)/Pods-MotoWiki-checkManifestLockResult.txt",
			);
			runOnlyForDeploymentPostprocessing = 0;
			shellPath = /bin/sh;
			shellScript = "diff \"${PODS_PODFILE_DIR_PATH}/Podfile.lock\" \"${PODS_ROOT}/Manifest.lock\" > /dev/null\nif [ $? != 0 ] ; then\n    # print error to STDERR\n    echo \"error: The sandbox is not in sync with the Podfile.lock. Run 'pod install' or update your CocoaPods installation.\" >&2\n    exit 1\nfi\n# This output is used by Xcode 'outputs' to avoid re-running this script phase.\necho \"SUCCESS\" > \"${SCRIPT_OUTPUT_FILE_0}\"\n";
			showEnvVarsInLog = 0;
		};
		B3E164E3885272812814751E /* [CP] Embed Pods Frameworks */ = {
			isa = PBXShellScriptBuildPhase;
			buildActionMask = 2147483647;
			files = (
			);
			inputFileListPaths = (
				"${PODS_ROOT}/Target Support Files/Pods-MotoWiki/Pods-MotoWiki-frameworks-${CONFIGURATION}-input-files.xcfilelist",
			);
			name = "[CP] Embed Pods Frameworks";
			outputFileListPaths = (
				"${PODS_ROOT}/Target Support Files/Pods-MotoWiki/Pods-MotoWiki-frameworks-${CONFIGURATION}-output-files.xcfilelist",
			);
			runOnlyForDeploymentPostprocessing = 0;
			shellPath = /bin/sh;
			shellScript = "\"${PODS_ROOT}/Target Support Files/Pods-MotoWiki/Pods-MotoWiki-frameworks.sh\"\n";
			showEnvVarsInLog = 0;
		};
/* End PBXShellScriptBuildPhase section */

/* Begin PBXSourcesBuildPhase section */
		0B2D0F622400422400815D22 /* Sources */ = {
			isa = PBXSourcesBuildPhase;
			buildActionMask = 2147483647;
			files = (
				0BA616A62458353900758344 /* BikeManager.swift in Sources */,
				0BC0B34F2459892700029F57 /* UITableViewControllerExtensions.swift in Sources */,
				0B1BB089245043460075888A /* BrandCollectionViewController.swift in Sources */,
				0B31FD7D2450BABD00F5114B /* ProjectViews.swift in Sources */,
				0BA3D87F240CEF8B0095B469 /* BrandEditorViewController.swift in Sources */,
				0B6BDD662407AFAB009D28D3 /* BikeEditorViewController.swift in Sources */,
				0B1DCD3324030299001DF0AB /* Brand.swift in Sources */,
				0B1BB08D245053F60075888A /* ProjectViewControllers.swift in Sources */,
				0B1BB08B24504CA20075888A /* UDKeys.swift in Sources */,
				0B1BB085245039A70075888A /* BrandCollectionCell.swift in Sources */,
				0B3549492410E37D00780687 /* BikeViewerViewController.swift in Sources */,
				0B119C5224581DB400259D0E /* RealmObjectBike.swift in Sources */,
				0B35BF742401436600D0495D /* BikeListViewController.swift in Sources */,
				0B5CBB68245B240C00EAF7E3 /* EditorGalleryCell.swift in Sources */,
				0B35BF6E240137C900D0495D /* BrandListViewController.swift in Sources */,
				0BE44F762451F5EA00CB085C /* RealmManager.swift in Sources */,
				0BE44F782452E9BF00CB085C /* DBActions.swift in Sources */,
				0B490D8F2456CEE1000142D6 /* FMPaths.swift in Sources */,
				0B1BB07A245032340075888A /* UIViewControllerExtensions.swift in Sources */,
				0B8FC0F82403000F00C98C07 /* Bike.swift in Sources */,
				0B31FD742450B1BC00F5114B /* EditorPropertyCell.swift in Sources */,
				0B31FD792450B55E00F5114B /* EditorImageCell.swift in Sources */,
				0BE44F712451BF0E00CB085C /* RealmObjectBrand.swift in Sources */,
				0B490D912457080D000142D6 /* FileManagerExtensions.swift in Sources */,
				0B35BF70240139D400D0495D /* BrandListCell.swift in Sources */,
				0B35BF722401434700D0495D /* BikeListCell.swift in Sources */,
				0B2D0F6A2400422400815D22 /* AppDelegate.swift in Sources */,
				0B5CBB6D245B2B2700EAF7E3 /* GalleryCollectionCell.swift in Sources */,
				0B2D0F6C2400422400815D22 /* SceneDelegate.swift in Sources */,
				0BE44F6F2451892800CB085C /* BrandManager.swift in Sources */,
			);
			runOnlyForDeploymentPostprocessing = 0;
		};
/* End PBXSourcesBuildPhase section */

/* Begin PBXVariantGroup section */
		0B2D0F6F2400422400815D22 /* BrandList.storyboard */ = {
			isa = PBXVariantGroup;
			children = (
				0B2D0F702400422400815D22 /* Base */,
			);
			name = BrandList.storyboard;
			sourceTree = "<group>";
		};
		0B2D0F742400422500815D22 /* LaunchScreen.storyboard */ = {
			isa = PBXVariantGroup;
			children = (
				0B2D0F752400422500815D22 /* Base */,
			);
			name = LaunchScreen.storyboard;
			sourceTree = "<group>";
		};
/* End PBXVariantGroup section */

/* Begin XCBuildConfiguration section */
		0B2D0F782400422500815D22 /* Debug */ = {
			isa = XCBuildConfiguration;
			buildSettings = {
				ALWAYS_SEARCH_USER_PATHS = NO;
				CLANG_ANALYZER_NONNULL = YES;
				CLANG_ANALYZER_NUMBER_OBJECT_CONVERSION = YES_AGGRESSIVE;
				CLANG_CXX_LANGUAGE_STANDARD = "gnu++14";
				CLANG_CXX_LIBRARY = "libc++";
				CLANG_ENABLE_MODULES = YES;
				CLANG_ENABLE_OBJC_ARC = YES;
				CLANG_ENABLE_OBJC_WEAK = YES;
				CLANG_WARN_BLOCK_CAPTURE_AUTORELEASING = YES;
				CLANG_WARN_BOOL_CONVERSION = YES;
				CLANG_WARN_COMMA = YES;
				CLANG_WARN_CONSTANT_CONVERSION = YES;
				CLANG_WARN_DEPRECATED_OBJC_IMPLEMENTATIONS = YES;
				CLANG_WARN_DIRECT_OBJC_ISA_USAGE = YES_ERROR;
				CLANG_WARN_DOCUMENTATION_COMMENTS = YES;
				CLANG_WARN_EMPTY_BODY = YES;
				CLANG_WARN_ENUM_CONVERSION = YES;
				CLANG_WARN_INFINITE_RECURSION = YES;
				CLANG_WARN_INT_CONVERSION = YES;
				CLANG_WARN_NON_LITERAL_NULL_CONVERSION = YES;
				CLANG_WARN_OBJC_IMPLICIT_RETAIN_SELF = YES;
				CLANG_WARN_OBJC_LITERAL_CONVERSION = YES;
				CLANG_WARN_OBJC_ROOT_CLASS = YES_ERROR;
				CLANG_WARN_RANGE_LOOP_ANALYSIS = YES;
				CLANG_WARN_STRICT_PROTOTYPES = YES;
				CLANG_WARN_SUSPICIOUS_MOVE = YES;
				CLANG_WARN_UNGUARDED_AVAILABILITY = YES_AGGRESSIVE;
				CLANG_WARN_UNREACHABLE_CODE = YES;
				CLANG_WARN__DUPLICATE_METHOD_MATCH = YES;
				COPY_PHASE_STRIP = NO;
				DEBUG_INFORMATION_FORMAT = dwarf;
				ENABLE_STRICT_OBJC_MSGSEND = YES;
				ENABLE_TESTABILITY = YES;
				GCC_C_LANGUAGE_STANDARD = gnu11;
				GCC_DYNAMIC_NO_PIC = NO;
				GCC_NO_COMMON_BLOCKS = YES;
				GCC_OPTIMIZATION_LEVEL = 0;
				GCC_PREPROCESSOR_DEFINITIONS = (
					"DEBUG=1",
					"$(inherited)",
				);
				GCC_WARN_64_TO_32_BIT_CONVERSION = YES;
				GCC_WARN_ABOUT_RETURN_TYPE = YES_ERROR;
				GCC_WARN_UNDECLARED_SELECTOR = YES;
				GCC_WARN_UNINITIALIZED_AUTOS = YES_AGGRESSIVE;
				GCC_WARN_UNUSED_FUNCTION = YES;
				GCC_WARN_UNUSED_VARIABLE = YES;
				IPHONEOS_DEPLOYMENT_TARGET = 13.2;
				MTL_ENABLE_DEBUG_INFO = INCLUDE_SOURCE;
				MTL_FAST_MATH = YES;
				ONLY_ACTIVE_ARCH = YES;
				SDKROOT = iphoneos;
				SWIFT_ACTIVE_COMPILATION_CONDITIONS = DEBUG;
				SWIFT_OPTIMIZATION_LEVEL = "-Onone";
			};
			name = Debug;
		};
		0B2D0F792400422500815D22 /* Release */ = {
			isa = XCBuildConfiguration;
			buildSettings = {
				ALWAYS_SEARCH_USER_PATHS = NO;
				CLANG_ANALYZER_NONNULL = YES;
				CLANG_ANALYZER_NUMBER_OBJECT_CONVERSION = YES_AGGRESSIVE;
				CLANG_CXX_LANGUAGE_STANDARD = "gnu++14";
				CLANG_CXX_LIBRARY = "libc++";
				CLANG_ENABLE_MODULES = YES;
				CLANG_ENABLE_OBJC_ARC = YES;
				CLANG_ENABLE_OBJC_WEAK = YES;
				CLANG_WARN_BLOCK_CAPTURE_AUTORELEASING = YES;
				CLANG_WARN_BOOL_CONVERSION = YES;
				CLANG_WARN_COMMA = YES;
				CLANG_WARN_CONSTANT_CONVERSION = YES;
				CLANG_WARN_DEPRECATED_OBJC_IMPLEMENTATIONS = YES;
				CLANG_WARN_DIRECT_OBJC_ISA_USAGE = YES_ERROR;
				CLANG_WARN_DOCUMENTATION_COMMENTS = YES;
				CLANG_WARN_EMPTY_BODY = YES;
				CLANG_WARN_ENUM_CONVERSION = YES;
				CLANG_WARN_INFINITE_RECURSION = YES;
				CLANG_WARN_INT_CONVERSION = YES;
				CLANG_WARN_NON_LITERAL_NULL_CONVERSION = YES;
				CLANG_WARN_OBJC_IMPLICIT_RETAIN_SELF = YES;
				CLANG_WARN_OBJC_LITERAL_CONVERSION = YES;
				CLANG_WARN_OBJC_ROOT_CLASS = YES_ERROR;
				CLANG_WARN_RANGE_LOOP_ANALYSIS = YES;
				CLANG_WARN_STRICT_PROTOTYPES = YES;
				CLANG_WARN_SUSPICIOUS_MOVE = YES;
				CLANG_WARN_UNGUARDED_AVAILABILITY = YES_AGGRESSIVE;
				CLANG_WARN_UNREACHABLE_CODE = YES;
				CLANG_WARN__DUPLICATE_METHOD_MATCH = YES;
				COPY_PHASE_STRIP = NO;
				DEBUG_INFORMATION_FORMAT = "dwarf-with-dsym";
				ENABLE_NS_ASSERTIONS = NO;
				ENABLE_STRICT_OBJC_MSGSEND = YES;
				GCC_C_LANGUAGE_STANDARD = gnu11;
				GCC_NO_COMMON_BLOCKS = YES;
				GCC_WARN_64_TO_32_BIT_CONVERSION = YES;
				GCC_WARN_ABOUT_RETURN_TYPE = YES_ERROR;
				GCC_WARN_UNDECLARED_SELECTOR = YES;
				GCC_WARN_UNINITIALIZED_AUTOS = YES_AGGRESSIVE;
				GCC_WARN_UNUSED_FUNCTION = YES;
				GCC_WARN_UNUSED_VARIABLE = YES;
				IPHONEOS_DEPLOYMENT_TARGET = 13.2;
				MTL_ENABLE_DEBUG_INFO = NO;
				MTL_FAST_MATH = YES;
				SDKROOT = iphoneos;
				SWIFT_COMPILATION_MODE = wholemodule;
				SWIFT_OPTIMIZATION_LEVEL = "-O";
				VALIDATE_PRODUCT = YES;
			};
			name = Release;
		};
		0B2D0F7B2400422500815D22 /* Debug */ = {
			isa = XCBuildConfiguration;
			baseConfigurationReference = 68244DB6E1733E6FA0DF7C70 /* Pods-MotoWiki.debug.xcconfig */;
			buildSettings = {
				ASSETCATALOG_COMPILER_APPICON_NAME = AppIcon;
				CODE_SIGN_STYLE = Automatic;
				INFOPLIST_FILE = "$(SRCROOT)/MotoWiki/Supporting Files/Info.plist";
				LD_RUNPATH_SEARCH_PATHS = (
					"$(inherited)",
					"@executable_path/Frameworks",
				);
				PRODUCT_BUNDLE_IDENTIFIER = com.example.MotoWiki;
				PRODUCT_NAME = "$(TARGET_NAME)";
				SWIFT_VERSION = 5.0;
				TARGETED_DEVICE_FAMILY = 1;
			};
			name = Debug;
		};
		0B2D0F7C2400422500815D22 /* Release */ = {
			isa = XCBuildConfiguration;
			baseConfigurationReference = 6E6EA4D2B2DA72CEA2D61183 /* Pods-MotoWiki.release.xcconfig */;
			buildSettings = {
				ASSETCATALOG_COMPILER_APPICON_NAME = AppIcon;
				CODE_SIGN_STYLE = Automatic;
				INFOPLIST_FILE = "$(SRCROOT)/MotoWiki/Supporting Files/Info.plist";
				LD_RUNPATH_SEARCH_PATHS = (
					"$(inherited)",
					"@executable_path/Frameworks",
				);
				PRODUCT_BUNDLE_IDENTIFIER = com.example.MotoWiki;
				PRODUCT_NAME = "$(TARGET_NAME)";
				SWIFT_VERSION = 5.0;
				TARGETED_DEVICE_FAMILY = 1;
			};
			name = Release;
		};
/* End XCBuildConfiguration section */

/* Begin XCConfigurationList section */
		0B2D0F612400422400815D22 /* Build configuration list for PBXProject "MotoWiki" */ = {
			isa = XCConfigurationList;
			buildConfigurations = (
				0B2D0F782400422500815D22 /* Debug */,
				0B2D0F792400422500815D22 /* Release */,
			);
			defaultConfigurationIsVisible = 0;
			defaultConfigurationName = Release;
		};
		0B2D0F7A2400422500815D22 /* Build configuration list for PBXNativeTarget "MotoWiki" */ = {
			isa = XCConfigurationList;
			buildConfigurations = (
				0B2D0F7B2400422500815D22 /* Debug */,
				0B2D0F7C2400422500815D22 /* Release */,
			);
			defaultConfigurationIsVisible = 0;
			defaultConfigurationName = Release;
		};
/* End XCConfigurationList section */
	};
	rootObject = 0B2D0F5E2400422400815D22 /* Project object */;
}
